
Microsoft Visual Studio Solution File, Format Version 12.00
# Visual Studio 14
VisualStudioVersion = 14.0.22823.1
MinimumVisualStudioVersion = 10.0.40219.1
Project("{FAE04EC0-301F-11D3-BF4B-00C04F79EFBC}") = "z80", "z80\z80.csproj", "{E0EF3AD5-32AC-4530-9004-C3D8BCDE3B6C}"
EndProject
Project("{FAE04EC0-301F-11D3-BF4B-00C04F79EFBC}") = "z80.Tests", "z80.Tests\z80.Tests.csproj", "{557C1BBF-10CB-42E3-80D7-83443207AD94}"
EndProject
Project("{2150E333-8FDC-42A3-9474-1A3956D46DE8}") = "Solution Items", "Solution Items", "{09A91092-1FAA-4153-B65D-A047F05E07C4}"
	ProjectSection(SolutionItems) = preProject
		README.md = README.md
	EndProjectSection
EndProject
Global
	GlobalSection(SolutionConfigurationPlatforms) = preSolution
		Debug|Any CPU = Debug|Any CPU
		Release|Any CPU = Release|Any CPU
	EndGlobalSection
	GlobalSection(ProjectConfigurationPlatforms) = postSolution
		{E0EF3AD5-32AC-4530-9004-C3D8BCDE3B6C}.Debug|Any CPU.ActiveCfg = Debug|Any CPU
		{E0EF3AD5-32AC-4530-9004-C3D8BCDE3B6C}.Debug|Any CPU.Build.0 = Debug|Any CPU
		{E0EF3AD5-32AC-4530-9004-C3D8BCDE3B6C}.Release|Any CPU.ActiveCfg = Release|Any CPU
		{E0EF3AD5-32AC-4530-9004-C3D8BCDE3B6C}.Release|Any CPU.Build.0 = Release|Any CPU
		{557C1BBF-10CB-42E3-80D7-83443207AD94}.Debug|Any CPU.ActiveCfg = Debug|Any CPU
		{557C1BBF-10CB-42E3-80D7-83443207AD94}.Debug|Any CPU.Build.0 = Debug|Any CPU
		{557C1BBF-10CB-42E3-80D7-83443207AD94}.Release|Any CPU.ActiveCfg = Release|Any CPU
		{557C1BBF-10CB-42E3-80D7-83443207AD94}.Release|Any CPU.Build.0 = Release|Any CPU
	EndGlobalSection
	GlobalSection(SolutionProperties) = preSolution
		HideSolutionNode = FALSE
	EndGlobalSection
EndGlobal
