
Microsoft Visual Studio Solution File, Format Version 12.00
Project("{FAE04EC0-301F-11D3-BF4B-00C04F79EFBC}") = "z80", "z80\z80.csproj", "{E0EF3AD5-32AC-4530-9004-C3D8BCDE3B6C}"
EndProject
Project("{FAE04EC0-301F-11D3-BF4B-00C04F79EFBC}") = "z80.Tests", "z80.Tests\z80.Tests.csproj", "{557C1BBF-10CB-42E3-80D7-83443207AD94}"
EndProject
Global
	GlobalSection(SolutionConfigurationPlatforms) = preSolution
		Debug|Any CPU = Debug|Any CPU
		Release|Any CPU = Release|Any CPU
	EndGlobalSection
	GlobalSection(ProjectConfigurationPlatforms) = postSolution
		{E0EF3AD5-32AC-4530-9004-C3D8BCDE3B6C}.Debug|Any CPU.ActiveCfg = Debug|Any CPU
		{E0EF3AD5-32AC-4530-9004-C3D8BCDE3B6C}.Debug|Any CPU.Build.0 = Debug|Any CPU
		{E0EF3AD5-32AC-4530-9004-C3D8BCDE3B6C}.Release|Any CPU.ActiveCfg = Release|Any CPU
		{E0EF3AD5-32AC-4530-9004-C3D8BCDE3B6C}.Release|Any CPU.Build.0 = Release|Any CPU
		{557C1BBF-10CB-42E3-80D7-83443207AD94}.Debug|Any CPU.ActiveCfg = Debug|Any CPU
		{557C1BBF-10CB-42E3-80D7-83443207AD94}.Debug|Any CPU.Build.0 = Debug|Any CPU
		{557C1BBF-10CB-42E3-80D7-83443207AD94}.Release|Any CPU.ActiveCfg = Release|Any CPU
		{557C1BBF-10CB-42E3-80D7-83443207AD94}.Release|Any CPU.Build.0 = Release|Any CPU
	EndGlobalSection
EndGlobal
